
Microsoft Visual Studio Solution File, Format Version 12.00
# Visual Studio Version 17
VisualStudioVersion = 17.3.32901.215
MinimumVisualStudioVersion = 10.0.40219.1
Project("{FAE04EC0-301F-11D3-BF4B-00C04F79EFBC}") = "MessageService", "MessageService\MessageService.csproj", "{DEE09AAF-0024-48CA-90D3-3AA49D44884C}"
EndProject
Project("{FAE04EC0-301F-11D3-BF4B-00C04F79EFBC}") = "Host", "Host\Host.csproj", "{CE82D38C-9E1E-4E25-8947-BC202E0CEAFF}"
EndProject
Project("{FAE04EC0-301F-11D3-BF4B-00C04F79EFBC}") = "DataBase", "DataBase\DataBase.csproj", "{8ADCD409-A190-4665-AB3A-62BCC2BCD9D1}"
EndProject
Project("{FAE04EC0-301F-11D3-BF4B-00C04F79EFBC}") = "DataAcces", "DataAcces\DataAcces.csproj", "{F5F33E97-6E1B-4155-8C89-4696701798D5}"
EndProject
Project("{FAE04EC0-301F-11D3-BF4B-00C04F79EFBC}") = "TestUnitAppGame", "TestUnitAppGame\TestUnitAppGame.csproj", "{CAA49C96-5A7E-4AA5-A086-08387FB627EE}"
EndProject
Global
	GlobalSection(SolutionConfigurationPlatforms) = preSolution
		Debug|Any CPU = Debug|Any CPU
		Release|Any CPU = Release|Any CPU
	EndGlobalSection
	GlobalSection(ProjectConfigurationPlatforms) = postSolution
		{DEE09AAF-0024-48CA-90D3-3AA49D44884C}.Debug|Any CPU.ActiveCfg = Debug|Any CPU
		{DEE09AAF-0024-48CA-90D3-3AA49D44884C}.Debug|Any CPU.Build.0 = Debug|Any CPU
		{DEE09AAF-0024-48CA-90D3-3AA49D44884C}.Release|Any CPU.ActiveCfg = Release|Any CPU
		{DEE09AAF-0024-48CA-90D3-3AA49D44884C}.Release|Any CPU.Build.0 = Release|Any CPU
		{CE82D38C-9E1E-4E25-8947-BC202E0CEAFF}.Debug|Any CPU.ActiveCfg = Debug|Any CPU
		{CE82D38C-9E1E-4E25-8947-BC202E0CEAFF}.Debug|Any CPU.Build.0 = Debug|Any CPU
		{CE82D38C-9E1E-4E25-8947-BC202E0CEAFF}.Release|Any CPU.ActiveCfg = Release|Any CPU
		{CE82D38C-9E1E-4E25-8947-BC202E0CEAFF}.Release|Any CPU.Build.0 = Release|Any CPU
		{8ADCD409-A190-4665-AB3A-62BCC2BCD9D1}.Debug|Any CPU.ActiveCfg = Debug|Any CPU
		{8ADCD409-A190-4665-AB3A-62BCC2BCD9D1}.Debug|Any CPU.Build.0 = Debug|Any CPU
		{8ADCD409-A190-4665-AB3A-62BCC2BCD9D1}.Release|Any CPU.ActiveCfg = Release|Any CPU
		{8ADCD409-A190-4665-AB3A-62BCC2BCD9D1}.Release|Any CPU.Build.0 = Release|Any CPU
		{F5F33E97-6E1B-4155-8C89-4696701798D5}.Debug|Any CPU.ActiveCfg = Debug|Any CPU
		{F5F33E97-6E1B-4155-8C89-4696701798D5}.Debug|Any CPU.Build.0 = Debug|Any CPU
		{F5F33E97-6E1B-4155-8C89-4696701798D5}.Release|Any CPU.ActiveCfg = Release|Any CPU
		{F5F33E97-6E1B-4155-8C89-4696701798D5}.Release|Any CPU.Build.0 = Release|Any CPU
		{CAA49C96-5A7E-4AA5-A086-08387FB627EE}.Debug|Any CPU.ActiveCfg = Debug|Any CPU
		{CAA49C96-5A7E-4AA5-A086-08387FB627EE}.Debug|Any CPU.Build.0 = Debug|Any CPU
		{CAA49C96-5A7E-4AA5-A086-08387FB627EE}.Release|Any CPU.ActiveCfg = Release|Any CPU
		{CAA49C96-5A7E-4AA5-A086-08387FB627EE}.Release|Any CPU.Build.0 = Release|Any CPU
	EndGlobalSection
	GlobalSection(SolutionProperties) = preSolution
		HideSolutionNode = FALSE
	EndGlobalSection
	GlobalSection(ExtensibilityGlobals) = postSolution
		SolutionGuid = {4AF5E3E6-F3B8-4F33-AF7E-1475D56D1FFB}
	EndGlobalSection
EndGlobal
